// !$*UTF8*$!
{
	archiveVersion = 1;
	classes = {
	};
	objectVersion = 48;
	objects = {

/* Begin PBXBuildFile section */
		8C4B0E661FF8A48600C3A1B5 /* AppDelegate.swift in Sources */ = {isa = PBXBuildFile; fileRef = 8C4B0E651FF8A48600C3A1B5 /* AppDelegate.swift */; };
		8C4B0E681FF8A48600C3A1B5 /* GameScene.sks in Resources */ = {isa = PBXBuildFile; fileRef = 8C4B0E671FF8A48600C3A1B5 /* GameScene.sks */; };
		8C4B0E6A1FF8A48600C3A1B5 /* Actions.sks in Resources */ = {isa = PBXBuildFile; fileRef = 8C4B0E691FF8A48600C3A1B5 /* Actions.sks */; };
		8C4B0E6C1FF8A48600C3A1B5 /* GameScene.swift in Sources */ = {isa = PBXBuildFile; fileRef = 8C4B0E6B1FF8A48600C3A1B5 /* GameScene.swift */; };
		8C4B0E6E1FF8A48600C3A1B5 /* GameViewController.swift in Sources */ = {isa = PBXBuildFile; fileRef = 8C4B0E6D1FF8A48600C3A1B5 /* GameViewController.swift */; };
		8C4B0E711FF8A48600C3A1B5 /* Main.storyboard in Resources */ = {isa = PBXBuildFile; fileRef = 8C4B0E6F1FF8A48600C3A1B5 /* Main.storyboard */; };
		8C4B0E731FF8A48600C3A1B5 /* Assets.xcassets in Resources */ = {isa = PBXBuildFile; fileRef = 8C4B0E721FF8A48600C3A1B5 /* Assets.xcassets */; };
		8C4B0E761FF8A48600C3A1B5 /* LaunchScreen.storyboard in Resources */ = {isa = PBXBuildFile; fileRef = 8C4B0E741FF8A48600C3A1B5 /* LaunchScreen.storyboard */; };
/* End PBXBuildFile section */

/* Begin PBXFileReference section */
		8C4B0E621FF8A48600C3A1B5 /* ProjectOne.app */ = {isa = PBXFileReference; explicitFileType = wrapper.application; includeInIndex = 0; path = ProjectOne.app; sourceTree = BUILT_PRODUCTS_DIR; };
		8C4B0E651FF8A48600C3A1B5 /* AppDelegate.swift */ = {isa = PBXFileReference; lastKnownFileType = sourcecode.swift; path = AppDelegate.swift; sourceTree = "<group>"; };
		8C4B0E671FF8A48600C3A1B5 /* GameScene.sks */ = {isa = PBXFileReference; lastKnownFileType = file.sks; path = GameScene.sks; sourceTree = "<group>"; };
		8C4B0E691FF8A48600C3A1B5 /* Actions.sks */ = {isa = PBXFileReference; lastKnownFileType = file.sks; path = Actions.sks; sourceTree = "<group>"; };
		8C4B0E6B1FF8A48600C3A1B5 /* GameScene.swift */ = {isa = PBXFileReference; lastKnownFileType = sourcecode.swift; path = GameScene.swift; sourceTree = "<group>"; };
		8C4B0E6D1FF8A48600C3A1B5 /* GameViewController.swift */ = {isa = PBXFileReference; lastKnownFileType = sourcecode.swift; path = GameViewController.swift; sourceTree = "<group>"; };
		8C4B0E701FF8A48600C3A1B5 /* Base */ = {isa = PBXFileReference; lastKnownFileType = file.storyboard; name = Base; path = Base.lproj/Main.storyboard; sourceTree = "<group>"; };
		8C4B0E721FF8A48600C3A1B5 /* Assets.xcassets */ = {isa = PBXFileReference; lastKnownFileType = folder.assetcatalog; path = Assets.xcassets; sourceTree = "<group>"; };
		8C4B0E751FF8A48600C3A1B5 /* Base */ = {isa = PBXFileReference; lastKnownFileType = file.storyboard; name = Base; path = Base.lproj/LaunchScreen.storyboard; sourceTree = "<group>"; };
		8C4B0E771FF8A48600C3A1B5 /* Info.plist */ = {isa = PBXFileReference; lastKnownFileType = text.plist.xml; path = Info.plist; sourceTree = "<group>"; };
/* End PBXFileReference section */

/* Begin PBXFrameworksBuildPhase section */
		8C4B0E5F1FF8A48600C3A1B5 /* Frameworks */ = {
			isa = PBXFrameworksBuildPhase;
			buildActionMask = 2147483647;
			files = (
			);
			runOnlyForDeploymentPostprocessing = 0;
		};
/* End PBXFrameworksBuildPhase section */

/* Begin PBXGroup section */
		8C4B0E591FF8A48600C3A1B5 = {
			isa = PBXGroup;
			children = (
				8C4B0E641FF8A48600C3A1B5 /* ProjectOne */,
				8C4B0E631FF8A48600C3A1B5 /* Products */,
			);
			sourceTree = "<group>";
		};
		8C4B0E631FF8A48600C3A1B5 /* Products */ = {
			isa = PBXGroup;
			children = (
				8C4B0E621FF8A48600C3A1B5 /* ProjectOne.app */,
			);
			name = Products;
			sourceTree = "<group>";
		};
		8C4B0E641FF8A48600C3A1B5 /* ProjectOne */ = {
			isa = PBXGroup;
			children = (
				8C4B0E651FF8A48600C3A1B5 /* AppDelegate.swift */,
				8C4B0E671FF8A48600C3A1B5 /* GameScene.sks */,
				8C4B0E691FF8A48600C3A1B5 /* Actions.sks */,
				8C4B0E6B1FF8A48600C3A1B5 /* GameScene.swift */,
				8C4B0E6D1FF8A48600C3A1B5 /* GameViewController.swift */,
				8C4B0E6F1FF8A48600C3A1B5 /* Main.storyboard */,
				8C4B0E721FF8A48600C3A1B5 /* Assets.xcassets */,
				8C4B0E741FF8A48600C3A1B5 /* LaunchScreen.storyboard */,
				8C4B0E771FF8A48600C3A1B5 /* Info.plist */,
			);
			path = ProjectOne;
			sourceTree = "<group>";
		};
/* End PBXGroup section */

/* Begin PBXNativeTarget section */
		8C4B0E611FF8A48600C3A1B5 /* ProjectOne */ = {
			isa = PBXNativeTarget;
			buildConfigurationList = 8C4B0E7A1FF8A48600C3A1B5 /* Build configuration list for PBXNativeTarget "ProjectOne" */;
			buildPhases = (
				8C4B0E5E1FF8A48600C3A1B5 /* Sources */,
				8C4B0E5F1FF8A48600C3A1B5 /* Frameworks */,
				8C4B0E601FF8A48600C3A1B5 /* Resources */,
			);
			buildRules = (
			);
			dependencies = (
			);
			name = ProjectOne;
			productName = ProjectOne;
			productReference = 8C4B0E621FF8A48600C3A1B5 /* ProjectOne.app */;
			productType = "com.apple.product-type.application";
		};
/* End PBXNativeTarget section */

/* Begin PBXProject section */
		8C4B0E5A1FF8A48600C3A1B5 /* Project object */ = {
			isa = PBXProject;
			attributes = {
				LastSwiftUpdateCheck = 0920;
				LastUpgradeCheck = 0920;
				ORGANIZATIONNAME = "Exasperated Games";
				TargetAttributes = {
					8C4B0E611FF8A48600C3A1B5 = {
						CreatedOnToolsVersion = 9.2;
						ProvisioningStyle = Automatic;
					};
				};
			};
			buildConfigurationList = 8C4B0E5D1FF8A48600C3A1B5 /* Build configuration list for PBXProject "ProjectOne" */;
			compatibilityVersion = "Xcode 8.0";
			developmentRegion = en;
			hasScannedForEncodings = 0;
			knownRegions = (
				en,
				Base,
			);
			mainGroup = 8C4B0E591FF8A48600C3A1B5;
			productRefGroup = 8C4B0E631FF8A48600C3A1B5 /* Products */;
			projectDirPath = "";
			projectRoot = "";
			targets = (
				8C4B0E611FF8A48600C3A1B5 /* ProjectOne */,
			);
		};
/* End PBXProject section */

/* Begin PBXResourcesBuildPhase section */
		8C4B0E601FF8A48600C3A1B5 /* Resources */ = {
			isa = PBXResourcesBuildPhase;
			buildActionMask = 2147483647;
			files = (
				8C4B0E711FF8A48600C3A1B5 /* Main.storyboard in Resources */,
				8C4B0E681FF8A48600C3A1B5 /* GameScene.sks in Resources */,
				8C4B0E731FF8A48600C3A1B5 /* Assets.xcassets in Resources */,
				8C4B0E761FF8A48600C3A1B5 /* LaunchScreen.storyboard in Resources */,
				8C4B0E6A1FF8A48600C3A1B5 /* Actions.sks in Resources */,
			);
			runOnlyForDeploymentPostprocessing = 0;
		};
/* End PBXResourcesBuildPhase section */

/* Begin PBXSourcesBuildPhase section */
		8C4B0E5E1FF8A48600C3A1B5 /* Sources */ = {
			isa = PBXSourcesBuildPhase;
			buildActionMask = 2147483647;
			files = (
				8C4B0E6C1FF8A48600C3A1B5 /* GameScene.swift in Sources */,
				8C4B0E6E1FF8A48600C3A1B5 /* GameViewController.swift in Sources */,
				8C4B0E661FF8A48600C3A1B5 /* AppDelegate.swift in Sources */,
			);
			runOnlyForDeploymentPostprocessing = 0;
		};
/* End PBXSourcesBuildPhase section */

/* Begin PBXVariantGroup section */
		8C4B0E6F1FF8A48600C3A1B5 /* Main.storyboard */ = {
			isa = PBXVariantGroup;
			children = (
				8C4B0E701FF8A48600C3A1B5 /* Base */,
			);
			name = Main.storyboard;
			sourceTree = "<group>";
		};
		8C4B0E741FF8A48600C3A1B5 /* LaunchScreen.storyboard */ = {
			isa = PBXVariantGroup;
			children = (
				8C4B0E751FF8A48600C3A1B5 /* Base */,
			);
			name = LaunchScreen.storyboard;
			sourceTree = "<group>";
		};
/* End PBXVariantGroup section */

/* Begin XCBuildConfiguration section */
		8C4B0E781FF8A48600C3A1B5 /* Debug */ = {
			isa = XCBuildConfiguration;
			buildSettings = {
				ALWAYS_SEARCH_USER_PATHS = NO;
				CLANG_ANALYZER_NONNULL = YES;
				CLANG_ANALYZER_NUMBER_OBJECT_CONVERSION = YES_AGGRESSIVE;
				CLANG_CXX_LANGUAGE_STANDARD = "gnu++14";
				CLANG_CXX_LIBRARY = "libc++";
				CLANG_ENABLE_MODULES = YES;
				CLANG_ENABLE_OBJC_ARC = YES;
				CLANG_WARN_BLOCK_CAPTURE_AUTORELEASING = YES;
				CLANG_WARN_BOOL_CONVERSION = YES;
				CLANG_WARN_COMMA = YES;
				CLANG_WARN_CONSTANT_CONVERSION = YES;
				CLANG_WARN_DIRECT_OBJC_ISA_USAGE = YES_ERROR;
				CLANG_WARN_DOCUMENTATION_COMMENTS = YES;
				CLANG_WARN_EMPTY_BODY = YES;
				CLANG_WARN_ENUM_CONVERSION = YES;
				CLANG_WARN_INFINITE_RECURSION = YES;
				CLANG_WARN_INT_CONVERSION = YES;
				CLANG_WARN_NON_LITERAL_NULL_CONVERSION = YES;
				CLANG_WARN_OBJC_LITERAL_CONVERSION = YES;
				CLANG_WARN_OBJC_ROOT_CLASS = YES_ERROR;
				CLANG_WARN_RANGE_LOOP_ANALYSIS = YES;
				CLANG_WARN_STRICT_PROTOTYPES = YES;
				CLANG_WARN_SUSPICIOUS_MOVE = YES;
				CLANG_WARN_UNGUARDED_AVAILABILITY = YES_AGGRESSIVE;
				CLANG_WARN_UNREACHABLE_CODE = YES;
				CLANG_WARN__DUPLICATE_METHOD_MATCH = YES;
				CODE_SIGN_IDENTITY = "iPhone Developer";
				COPY_PHASE_STRIP = NO;
				DEBUG_INFORMATION_FORMAT = dwarf;
				ENABLE_STRICT_OBJC_MSGSEND = YES;
				ENABLE_TESTABILITY = YES;
				GCC_C_LANGUAGE_STANDARD = gnu11;
				GCC_DYNAMIC_NO_PIC = NO;
				GCC_NO_COMMON_BLOCKS = YES;
				GCC_OPTIMIZATION_LEVEL = 0;
				GCC_PREPROCESSOR_DEFINITIONS = (
					"DEBUG=1",
					"$(inherited)",
				);
				GCC_WARN_64_TO_32_BIT_CONVERSION = YES;
				GCC_WARN_ABOUT_RETURN_TYPE = YES_ERROR;
				GCC_WARN_UNDECLARED_SELECTOR = YES;
				GCC_WARN_UNINITIALIZED_AUTOS = YES_AGGRESSIVE;
				GCC_WARN_UNUSED_FUNCTION = YES;
				GCC_WARN_UNUSED_VARIABLE = YES;
				IPHONEOS_DEPLOYMENT_TARGET = 11.2;
				MTL_ENABLE_DEBUG_INFO = YES;
				ONLY_ACTIVE_ARCH = YES;
				SDKROOT = iphoneos;
				SWIFT_ACTIVE_COMPILATION_CONDITIONS = DEBUG;
				SWIFT_OPTIMIZATION_LEVEL = "-Onone";
			};
			name = Debug;
		};
		8C4B0E791FF8A48600C3A1B5 /* Release */ = {
			isa = XCBuildConfiguration;
			buildSettings = {
				ALWAYS_SEARCH_USER_PATHS = NO;
				CLANG_ANALYZER_NONNULL = YES;
				CLANG_ANALYZER_NUMBER_OBJECT_CONVERSION = YES_AGGRESSIVE;
				CLANG_CXX_LANGUAGE_STANDARD = "gnu++14";
				CLANG_CXX_LIBRARY = "libc++";
				CLANG_ENABLE_MODULES = YES;
				CLANG_ENABLE_OBJC_ARC = YES;
				CLANG_WARN_BLOCK_CAPTURE_AUTORELEASING = YES;
				CLANG_WARN_BOOL_CONVERSION = YES;
				CLANG_WARN_COMMA = YES;
				CLANG_WARN_CONSTANT_CONVERSION = YES;
				CLANG_WARN_DIRECT_OBJC_ISA_USAGE = YES_ERROR;
				CLANG_WARN_DOCUMENTATION_COMMENTS = YES;
				CLANG_WARN_EMPTY_BODY = YES;
				CLANG_WARN_ENUM_CONVERSION = YES;
				CLANG_WARN_INFINITE_RECURSION = YES;
				CLANG_WARN_INT_CONVERSION = YES;
				CLANG_WARN_NON_LITERAL_NULL_CONVERSION = YES;
				CLANG_WARN_OBJC_LITERAL_CONVERSION = YES;
				CLANG_WARN_OBJC_ROOT_CLASS = YES_ERROR;
				CLANG_WARN_RANGE_LOOP_ANALYSIS = YES;
				CLANG_WARN_STRICT_PROTOTYPES = YES;
				CLANG_WARN_SUSPICIOUS_MOVE = YES;
				CLANG_WARN_UNGUARDED_AVAILABILITY = YES_AGGRESSIVE;
				CLANG_WARN_UNREACHABLE_CODE = YES;
				CLANG_WARN__DUPLICATE_METHOD_MATCH = YES;
				CODE_SIGN_IDENTITY = "iPhone Developer";
				COPY_PHASE_STRIP = NO;
				DEBUG_INFORMATION_FORMAT = "dwarf-with-dsym";
				ENABLE_NS_ASSERTIONS = NO;
				ENABLE_STRICT_OBJC_MSGSEND = YES;
				GCC_C_LANGUAGE_STANDARD = gnu11;
				GCC_NO_COMMON_BLOCKS = YES;
				GCC_WARN_64_TO_32_BIT_CONVERSION = YES;
				GCC_WARN_ABOUT_RETURN_TYPE = YES_ERROR;
				GCC_WARN_UNDECLARED_SELECTOR = YES;
				GCC_WARN_UNINITIALIZED_AUTOS = YES_AGGRESSIVE;
				GCC_WARN_UNUSED_FUNCTION = YES;
				GCC_WARN_UNUSED_VARIABLE = YES;
				IPHONEOS_DEPLOYMENT_TARGET = 11.2;
				MTL_ENABLE_DEBUG_INFO = NO;
				SDKROOT = iphoneos;
				SWIFT_OPTIMIZATION_LEVEL = "-Owholemodule";
				VALIDATE_PRODUCT = YES;
			};
			name = Release;
		};
		8C4B0E7B1FF8A48600C3A1B5 /* Debug */ = {
			isa = XCBuildConfiguration;
			buildSettings = {
				ASSETCATALOG_COMPILER_APPICON_NAME = AppIcon;
				CODE_SIGN_STYLE = Automatic;
				DEVELOPMENT_TEAM = 3569Q6JTMY;
				INFOPLIST_FILE = ProjectOne/Info.plist;
				LD_RUNPATH_SEARCH_PATHS = "$(inherited) @executable_path/Frameworks";
				PRODUCT_BUNDLE_IDENTIFIER = com.exasperatedgames.ProjectOne;
				PRODUCT_NAME = "$(TARGET_NAME)";
				SWIFT_VERSION = 4.0;
				TARGETED_DEVICE_FAMILY = "1,2";
			};
			name = Debug;
		};
		8C4B0E7C1FF8A48600C3A1B5 /* Release */ = {
			isa = XCBuildConfiguration;
			buildSettings = {
				ASSETCATALOG_COMPILER_APPICON_NAME = AppIcon;
				CODE_SIGN_STYLE = Automatic;
				DEVELOPMENT_TEAM = 3569Q6JTMY;
				INFOPLIST_FILE = ProjectOne/Info.plist;
				LD_RUNPATH_SEARCH_PATHS = "$(inherited) @executable_path/Frameworks";
				PRODUCT_BUNDLE_IDENTIFIER = com.exasperatedgames.ProjectOne;
				PRODUCT_NAME = "$(TARGET_NAME)";
				SWIFT_VERSION = 4.0;
				TARGETED_DEVICE_FAMILY = "1,2";
			};
			name = Release;
		};
/* End XCBuildConfiguration section */

/* Begin XCConfigurationList section */
		8C4B0E5D1FF8A48600C3A1B5 /* Build configuration list for PBXProject "ProjectOne" */ = {
			isa = XCConfigurationList;
			buildConfigurations = (
				8C4B0E781FF8A48600C3A1B5 /* Debug */,
				8C4B0E791FF8A48600C3A1B5 /* Release */,
			);
			defaultConfigurationIsVisible = 0;
			defaultConfigurationName = Release;
		};
		8C4B0E7A1FF8A48600C3A1B5 /* Build configuration list for PBXNativeTarget "ProjectOne" */ = {
			isa = XCConfigurationList;
			buildConfigurations = (
				8C4B0E7B1FF8A48600C3A1B5 /* Debug */,
				8C4B0E7C1FF8A48600C3A1B5 /* Release */,
			);
			defaultConfigurationIsVisible = 0;
			defaultConfigurationName = Release;
		};
/* End XCConfigurationList section */
	};
	rootObject = 8C4B0E5A1FF8A48600C3A1B5 /* Project object */;
}
